
Microsoft Visual Studio Solution File, Format Version 12.00
# Visual Studio Version 16
VisualStudioVersion = 16.0.29709.97
MinimumVisualStudioVersion = 10.0.40219.1
Project("{FAE04EC0-301F-11D3-BF4B-00C04F79EFBC}") = "CTHelper", "CTHelper\CTHelper.csproj", "{A2C699FD-A6CE-44BD-893D-396CF52BA616}"
EndProject
Global
	GlobalSection(SolutionConfigurationPlatforms) = preSolution
		Debug|Any CPU = Debug|Any CPU
		Release|Any CPU = Release|Any CPU
	EndGlobalSection
	GlobalSection(ProjectConfigurationPlatforms) = postSolution
		{A2C699FD-A6CE-44BD-893D-396CF52BA616}.Debug|Any CPU.ActiveCfg = Debug|Any CPU
		{A2C699FD-A6CE-44BD-893D-396CF52BA616}.Debug|Any CPU.Build.0 = Debug|Any CPU
		{A2C699FD-A6CE-44BD-893D-396CF52BA616}.Release|Any CPU.ActiveCfg = Release|Any CPU
		{A2C699FD-A6CE-44BD-893D-396CF52BA616}.Release|Any CPU.Build.0 = Release|Any CPU
	EndGlobalSection
	GlobalSection(SolutionProperties) = preSolution
		HideSolutionNode = FALSE
	EndGlobalSection
	GlobalSection(ExtensibilityGlobals) = postSolution
		SolutionGuid = {D5EAE3E2-7021-440E-BF66-2CA8685D25A9}
	EndGlobalSection
EndGlobal
